<?xml version="1.0" encoding="UTF-8"?>
<CONFIG>
  <ProjectOptions>
    <Version Value="12"/>
    <General>
      <Flags>
        <MainUnitHasCreateFormStatements Value="False"/>
        <MainUnitHasTitleStatement Value="False"/>
        <MainUnitHasScaledStatement Value="False"/>
      </Flags>
      <SessionStorage Value="InProjectDir"/>
      <Title Value="ASTBuilder"/>
      <UseAppBundle Value="False"/>
      <ResourceType Value="res"/>
    </General>
    <BuildModes>
      <Item Name="Default" Default="True"/>
      <Item Name="Debug">
        <CompilerOptions>
          <Version Value="11"/>
          <Target>
            <Filename Value="ASTBuilder"/>
          </Target>
          <SearchPaths>
            <IncludeFiles Value="$(ProjOutDir)"/>
            <OtherUnitFiles Value="AST;Test;Util;Automata;ASTVstr;LexrRule/Grammar;LexrRule/Template;ParseTr;ProdRule;LEXER;PARSER"/>
            <UnitOutputDirectory Value="lib/$(TargetCPU)-$(TargetOS)"/>
          </SearchPaths>
          <Parsing>
            <SyntaxOptions>
              <SyntaxMode Value="Delphi"/>
              <IncludeAssertionCode Value="True"/>
              <CStyleMacros Value="True"/>
            </SyntaxOptions>
          </Parsing>
          <CodeGeneration>
            <Checks>
              <IOChecks Value="True"/>
              <RangeChecks Value="True"/>
              <OverflowChecks Value="True"/>
              <StackChecks Value="True"/>
            </Checks>
            <VerifyObjMethodCallValidity Value="True"/>
          </CodeGeneration>
          <Linking>
            <Debugging>
              <DebugInfoType Value="dsDwarf3"/>
              <UseHeaptrc Value="True"/>
              <TrashVariables Value="True"/>
              <UseExternalDbgSyms Value="True"/>
            </Debugging>
          </Linking>
        </CompilerOptions>
      </Item>
      <Item Name="Release">
        <CompilerOptions>
          <Version Value="11"/>
          <Target>
            <Filename Value="ASTBuilder"/>
          </Target>
          <SearchPaths>
            <IncludeFiles Value="$(ProjOutDir)"/>
            <OtherUnitFiles Value="AST;Test;Util;Automata;ASTVstr;LexrRule/Grammar;LexrRule/Template;ParseTr;ProdRule;LEXER;PARSER"/>
            <UnitOutputDirectory Value="lib/$(TargetCPU)-$(TargetOS)"/>
          </SearchPaths>
          <Parsing>
            <SyntaxOptions>
              <SyntaxMode Value="Delphi"/>
              <CStyleMacros Value="True"/>
            </SyntaxOptions>
          </Parsing>
          <CodeGeneration>
            <SmartLinkUnit Value="True"/>
            <Optimizations>
              <OptimizationLevel Value="3"/>
            </Optimizations>
          </CodeGeneration>
          <Linking>
            <Debugging>
              <GenerateDebugInfo Value="False"/>
            </Debugging>
            <LinkSmart Value="True"/>
          </Linking>
        </CompilerOptions>
      </Item>
    </BuildModes>
    <PublishOptions>
      <Version Value="2"/>
      <UseFileFilters Value="True"/>
    </PublishOptions>
    <RunParams>
      <FormatVersion Value="2"/>
    </RunParams>
    <Units>
      <Unit>
        <Filename Value="ASTBuilder.lpr"/>
        <IsPartOfProject Value="True"/>
      </Unit>
      <Unit>
        <Filename Value="AST/IdNode.pas"/>
        <IsPartOfProject Value="True"/>
      </Unit>
      <Unit>
        <Filename Value="Util/List.pas"/>
        <IsPartOfProject Value="True"/>
      </Unit>
      <Unit>
        <Filename Value="Util/Trie.pas"/>
        <IsPartOfProject Value="True"/>
      </Unit>
      <Unit>
        <Filename Value="Util/TypeDef.pas"/>
        <IsPartOfProject Value="True"/>
      </Unit>
      <Unit>
        <Filename Value="Automata/NFA.pas"/>
        <IsPartOfProject Value="True"/>
      </Unit>
      <Unit>
        <Filename Value="Test/Test2.pas"/>
        <IsPartOfProject Value="True"/>
      </Unit>
      <Unit>
        <Filename Value="AST/GRMRNODE.PAS"/>
        <IsPartOfProject Value="True"/>
        <UnitName Value="GrmrNode"/>
      </Unit>
      <Unit>
        <Filename Value="AST/GRPNODE.PAS"/>
        <IsPartOfProject Value="True"/>
      </Unit>
      <Unit>
        <Filename Value="AST/RuleNode.pas"/>
        <IsPartOfProject Value="True"/>
      </Unit>
      <Unit>
        <Filename Value="AST/TRMNODE.PAS"/>
        <IsPartOfProject Value="True"/>
      </Unit>
      <Unit>
        <Filename Value="AST/TRMRNODE.PAS"/>
        <IsPartOfProject Value="True"/>
      </Unit>
      <Unit>
        <Filename Value="LexrRule/Grammar/ASTKRULE.PAS"/>
        <IsPartOfProject Value="True"/>
      </Unit>
      <Unit>
        <Filename Value="LexrRule/Grammar/CHARRULE.PAS"/>
        <IsPartOfProject Value="True"/>
        <UnitName Value="CharRule"/>
      </Unit>
      <Unit>
        <Filename Value="LexrRule/Grammar/COLNRULE.PAS"/>
        <IsPartOfProject Value="True"/>
      </Unit>
      <Unit>
        <Filename Value="LexrRule/Grammar/DDTSRULE.PAS"/>
        <IsPartOfProject Value="True"/>
      </Unit>
      <Unit>
        <Filename Value="LexrRule/Grammar/EOFRULE.PAS"/>
        <IsPartOfProject Value="True"/>
        <UnitName Value="EofRule"/>
      </Unit>
      <Unit>
        <Filename Value="LexrRule/Grammar/IDRULE.PAS"/>
        <IsPartOfProject Value="True"/>
        <UnitName Value="IdRule"/>
      </Unit>
      <Unit>
        <Filename Value="LexrRule/Grammar/LBRKRULE.PAS"/>
        <IsPartOfProject Value="True"/>
      </Unit>
      <Unit>
        <Filename Value="LexrRule/Grammar/LPARRULE.PAS"/>
        <IsPartOfProject Value="True"/>
      </Unit>
      <Unit>
        <Filename Value="LexrRule/Grammar/ORRULE.PAS"/>
        <IsPartOfProject Value="True"/>
      </Unit>
      <Unit>
        <Filename Value="LexrRule/Grammar/PLUSRULE.PAS"/>
        <IsPartOfProject Value="True"/>
      </Unit>
      <Unit>
        <Filename Value="LexrRule/Grammar/QMRKRULE.PAS"/>
        <IsPartOfProject Value="True"/>
      </Unit>
      <Unit>
        <Filename Value="LexrRule/Grammar/RBRKRULE.PAS"/>
        <IsPartOfProject Value="True"/>
      </Unit>
      <Unit>
        <Filename Value="LexrRule/Grammar/RPARRULE.PAS"/>
        <IsPartOfProject Value="True"/>
      </Unit>
      <Unit>
        <Filename Value="LexrRule/Grammar/SEMIRULE.PAS"/>
        <IsPartOfProject Value="True"/>
      </Unit>
      <Unit>
        <Filename Value="LexrRule/Grammar/SKIPRULE.PAS"/>
        <IsPartOfProject Value="True"/>
      </Unit>
      <Unit>
        <Filename Value="LexrRule/Grammar/STRRULE.PAS"/>
        <IsPartOfProject Value="True"/>
        <UnitName Value="StrRule"/>
      </Unit>
      <Unit>
        <Filename Value="LexrRule/Grammar/TERMRULE.PAS"/>
        <IsPartOfProject Value="True"/>
      </Unit>
      <Unit>
        <Filename Value="LexrRule/Grammar/TILDRULE.PAS"/>
        <IsPartOfProject Value="True"/>
      </Unit>
      <Unit>
        <Filename Value="LexrRule/Template/SYMBRULE.PAS"/>
        <IsPartOfProject Value="True"/>
      </Unit>
      <Unit>
        <Filename Value="LexrRule/Template/KYWDRULE.PAS"/>
        <IsPartOfProject Value="True"/>
      </Unit>
      <Unit>
        <Filename Value="ParseTr/ParseTr.pas"/>
        <IsPartOfProject Value="True"/>
      </Unit>
      <Unit>
        <Filename Value="ProdRule/TRRUNIT.PAS"/>
        <IsPartOfProject Value="True"/>
        <UnitName Value="TRRUnit"/>
      </Unit>
      <Unit>
        <Filename Value="ProdRule/CHFRUNIT.PAS"/>
        <IsPartOfProject Value="True"/>
        <UnitName Value="ChFRUnit"/>
      </Unit>
      <Unit>
        <Filename Value="ProdRule/EXPRUNIT.PAS"/>
        <IsPartOfProject Value="True"/>
        <UnitName Value="ExpRUnit"/>
      </Unit>
      <Unit>
        <Filename Value="ProdRule/FRUnit.pas"/>
        <IsPartOfProject Value="True"/>
      </Unit>
      <Unit>
        <Filename Value="ProdRule/GRMRUNIT.PAS"/>
        <IsPartOfProject Value="True"/>
        <UnitName Value="GrmRUnit"/>
      </Unit>
      <Unit>
        <Filename Value="ProdRule/ICFRUnit.pas"/>
        <IsPartOfProject Value="True"/>
      </Unit>
      <Unit>
        <Filename Value="ProdRule/RRUnit.pas"/>
        <IsPartOfProject Value="True"/>
      </Unit>
      <Unit>
        <Filename Value="ProdRule/SFRUnit.pas"/>
        <IsPartOfProject Value="True"/>
      </Unit>
      <Unit>
        <Filename Value="ProdRule/TERUNIT.PAS"/>
        <IsPartOfProject Value="True"/>
        <UnitName Value="TERUnit"/>
      </Unit>
      <Unit>
        <Filename Value="ProdRule/TFRUNIT.PAS"/>
        <IsPartOfProject Value="True"/>
        <UnitName Value="TFRUnit"/>
      </Unit>
      <Unit>
        <Filename Value="Test/Test1.pas"/>
        <IsPartOfProject Value="True"/>
      </Unit>
      <Unit>
        <Filename Value="Util/ClsUtils.pas"/>
        <IsPartOfProject Value="True"/>
      </Unit>
      <Unit>
        <Filename Value="Util/Utility.pas"/>
        <IsPartOfProject Value="True"/>
      </Unit>
      <Unit>
        <Filename Value="LEXER/CLEXER.PAS"/>
        <IsPartOfProject Value="True"/>
        <UnitName Value="CLexer"/>
      </Unit>
      <Unit>
        <Filename Value="LEXER/GLEXER.PAS"/>
        <IsPartOfProject Value="True"/>
        <UnitName Value="GLexer"/>
      </Unit>
      <Unit>
        <Filename Value="LEXER/LEXER.PAS"/>
        <IsPartOfProject Value="True"/>
        <UnitName Value="Lexer"/>
      </Unit>
      <Unit>
        <Filename Value="AST/ASTNode.pas"/>
        <IsPartOfProject Value="True"/>
      </Unit>
      <Unit>
        <Filename Value="PARSER/GPARSER.pas"/>
        <IsPartOfProject Value="True"/>
      </Unit>
      <Unit>
        <Filename Value="PARSER/GRMRPASR.PAS"/>
        <IsPartOfProject Value="True"/>
        <UnitName Value="GrmrPasr"/>
      </Unit>
      <Unit>
        <Filename Value="PARSER/GRMRVIWR.PAS"/>
        <IsPartOfProject Value="True"/>
      </Unit>
      <Unit>
        <Filename Value="PARSER/PARSER.pas"/>
        <IsPartOfProject Value="True"/>
      </Unit>
      <Unit>
        <Filename Value="LexrRule/Grammar/MODERULE.PAS"/>
        <IsPartOfProject Value="True"/>
      </Unit>
      <Unit>
        <Filename Value="ProdRule/TRSRUNIT.PAS"/>
        <IsPartOfProject Value="True"/>
        <UnitName Value="TRSRUnit"/>
      </Unit>
    </Units>
  </ProjectOptions>
  <CompilerOptions>
    <Version Value="11"/>
    <Target>
      <Filename Value="ASTBuilder"/>
    </Target>
    <SearchPaths>
      <IncludeFiles Value="$(ProjOutDir)"/>
      <OtherUnitFiles Value="AST;Test;Util;Automata;ASTVstr;LexrRule/Grammar;LexrRule/Template;ParseTr;ProdRule;LEXER;PARSER"/>
      <UnitOutputDirectory Value="lib/$(TargetCPU)-$(TargetOS)"/>
    </SearchPaths>
    <Parsing>
      <SyntaxOptions>
        <SyntaxMode Value="Delphi"/>
        <CStyleMacros Value="True"/>
      </SyntaxOptions>
    </Parsing>
    <Linking>
      <Debugging>
        <DebugInfoType Value="dsDwarf2Set"/>
        <UseExternalDbgSyms Value="True"/>
      </Debugging>
    </Linking>
  </CompilerOptions>
  <Debugging>
    <Exceptions>
      <Item>
        <Name Value="EAbort"/>
      </Item>
      <Item>
        <Name Value="ECodetoolError"/>
      </Item>
      <Item>
        <Name Value="EFOpenError"/>
      </Item>
    </Exceptions>
  </Debugging>
</CONFIG>
